
Microsoft Visual Studio Solution File, Format Version 12.00
# Visual Studio 14
VisualStudioVersion = 14.0.25420.1
MinimumVisualStudioVersion = 10.0.40219.1
Project("{FAE04EC0-301F-11D3-BF4B-00C04F79EFBC}") = "Analyzer1", "Analyzer1\Analyzer1\Analyzer1.csproj", "{935E420A-248F-47F8-8E9A-538811B98704}"
EndProject
Project("{FAE04EC0-301F-11D3-BF4B-00C04F79EFBC}") = "Analyzer1.Test", "Analyzer1\Analyzer1.Test\Analyzer1.Test.csproj", "{0EB4259A-2F5D-4020-AF35-E0F2FE7D74C2}"
EndProject
Project("{FAE04EC0-301F-11D3-BF4B-00C04F79EFBC}") = "Analyzer1.Vsix", "Analyzer1\Analyzer1.Vsix\Analyzer1.Vsix.csproj", "{9D10760C-86EB-4C60-A12C-8B912084B877}"
EndProject
Project("{FAE04EC0-301F-11D3-BF4B-00C04F79EFBC}") = "ClassLibrary1", "ClassLibrary1\ClassLibrary1.csproj", "{87A9F989-BC3C-4336-A5A8-9EAF3DE78973}"
EndProject
Global
	GlobalSection(SolutionConfigurationPlatforms) = preSolution
		Debug|Any CPU = Debug|Any CPU
		Release|Any CPU = Release|Any CPU
	EndGlobalSection
	GlobalSection(ProjectConfigurationPlatforms) = postSolution
		{935E420A-248F-47F8-8E9A-538811B98704}.Debug|Any CPU.ActiveCfg = Debug|Any CPU
		{935E420A-248F-47F8-8E9A-538811B98704}.Debug|Any CPU.Build.0 = Debug|Any CPU
		{935E420A-248F-47F8-8E9A-538811B98704}.Release|Any CPU.ActiveCfg = Release|Any CPU
		{935E420A-248F-47F8-8E9A-538811B98704}.Release|Any CPU.Build.0 = Release|Any CPU
		{0EB4259A-2F5D-4020-AF35-E0F2FE7D74C2}.Debug|Any CPU.ActiveCfg = Debug|Any CPU
		{0EB4259A-2F5D-4020-AF35-E0F2FE7D74C2}.Debug|Any CPU.Build.0 = Debug|Any CPU
		{0EB4259A-2F5D-4020-AF35-E0F2FE7D74C2}.Release|Any CPU.ActiveCfg = Release|Any CPU
		{0EB4259A-2F5D-4020-AF35-E0F2FE7D74C2}.Release|Any CPU.Build.0 = Release|Any CPU
		{9D10760C-86EB-4C60-A12C-8B912084B877}.Debug|Any CPU.ActiveCfg = Debug|Any CPU
		{9D10760C-86EB-4C60-A12C-8B912084B877}.Debug|Any CPU.Build.0 = Debug|Any CPU
		{9D10760C-86EB-4C60-A12C-8B912084B877}.Release|Any CPU.ActiveCfg = Release|Any CPU
		{9D10760C-86EB-4C60-A12C-8B912084B877}.Release|Any CPU.Build.0 = Release|Any CPU
		{87A9F989-BC3C-4336-A5A8-9EAF3DE78973}.Debug|Any CPU.ActiveCfg = Debug|Any CPU
		{87A9F989-BC3C-4336-A5A8-9EAF3DE78973}.Debug|Any CPU.Build.0 = Debug|Any CPU
		{87A9F989-BC3C-4336-A5A8-9EAF3DE78973}.Release|Any CPU.ActiveCfg = Release|Any CPU
		{87A9F989-BC3C-4336-A5A8-9EAF3DE78973}.Release|Any CPU.Build.0 = Release|Any CPU
	EndGlobalSection
	GlobalSection(SolutionProperties) = preSolution
		HideSolutionNode = FALSE
	EndGlobalSection
EndGlobal
