
Microsoft Visual Studio Solution File, Format Version 12.00
# Visual Studio 14
VisualStudioVersion = 14.0.25420.1
MinimumVisualStudioVersion = 10.0.40219.1
Project("{FAE04EC0-301F-11D3-BF4B-00C04F79EFBC}") = "VorlAnalyzer", "VorlAnalyzer\VorlAnalyzer\VorlAnalyzer.csproj", "{31A2D409-01A2-4740-B957-362D9BF1330A}"
EndProject
Project("{FAE04EC0-301F-11D3-BF4B-00C04F79EFBC}") = "VorlAnalyzer.Test", "VorlAnalyzer\VorlAnalyzer.Test\VorlAnalyzer.Test.csproj", "{5330772D-5754-45B6-B7BD-B2865D4B8845}"
EndProject
Project("{FAE04EC0-301F-11D3-BF4B-00C04F79EFBC}") = "VorlAnalyzer.Vsix", "VorlAnalyzer\VorlAnalyzer.Vsix\VorlAnalyzer.Vsix.csproj", "{4F3CB56E-880D-4C6C-9FEE-92033C85D5FE}"
EndProject
Global
	GlobalSection(SolutionConfigurationPlatforms) = preSolution
		Debug|Any CPU = Debug|Any CPU
		Release|Any CPU = Release|Any CPU
	EndGlobalSection
	GlobalSection(ProjectConfigurationPlatforms) = postSolution
		{31A2D409-01A2-4740-B957-362D9BF1330A}.Debug|Any CPU.ActiveCfg = Debug|Any CPU
		{31A2D409-01A2-4740-B957-362D9BF1330A}.Debug|Any CPU.Build.0 = Debug|Any CPU
		{31A2D409-01A2-4740-B957-362D9BF1330A}.Release|Any CPU.ActiveCfg = Release|Any CPU
		{31A2D409-01A2-4740-B957-362D9BF1330A}.Release|Any CPU.Build.0 = Release|Any CPU
		{5330772D-5754-45B6-B7BD-B2865D4B8845}.Debug|Any CPU.ActiveCfg = Debug|Any CPU
		{5330772D-5754-45B6-B7BD-B2865D4B8845}.Debug|Any CPU.Build.0 = Debug|Any CPU
		{5330772D-5754-45B6-B7BD-B2865D4B8845}.Release|Any CPU.ActiveCfg = Release|Any CPU
		{5330772D-5754-45B6-B7BD-B2865D4B8845}.Release|Any CPU.Build.0 = Release|Any CPU
		{4F3CB56E-880D-4C6C-9FEE-92033C85D5FE}.Debug|Any CPU.ActiveCfg = Debug|Any CPU
		{4F3CB56E-880D-4C6C-9FEE-92033C85D5FE}.Debug|Any CPU.Build.0 = Debug|Any CPU
		{4F3CB56E-880D-4C6C-9FEE-92033C85D5FE}.Release|Any CPU.ActiveCfg = Release|Any CPU
		{4F3CB56E-880D-4C6C-9FEE-92033C85D5FE}.Release|Any CPU.Build.0 = Release|Any CPU
	EndGlobalSection
	GlobalSection(SolutionProperties) = preSolution
		HideSolutionNode = FALSE
	EndGlobalSection
EndGlobal
